// !$*UTF8*$!
{
	archiveVersion = 1;
	classes = {
	};
	objectVersion = 50;
	objects = {

/* Begin PBXBuildFile section */
		501D0A942645C7EC00157631 /* UIKit.framework in Frameworks */ = {isa = PBXBuildFile; fileRef = 501D0A932645C7EC00157631 /* UIKit.framework */; };
		501D0A962645C7EC00157631 /* Foundation.framework in Frameworks */ = {isa = PBXBuildFile; fileRef = 501D0A952645C7EC00157631 /* Foundation.framework */; };
		501D0AA12645C7EC00157631 /* YTShortsDownloader.mm in Sources */ = {isa = PBXBuildFile; fileRef = 501D0AA02645C7EC00157631 /* YTShortsDownloader.mm */; };
		501D0AAC2645C86900157631 /* YTHeaders.h in Headers */ = {isa = PBXBuildFile; fileRef = 501D0AAB2645C86900157631 /* YTHeaders.h */; };
		501D0AAF2645C88F00157631 /* BHDownload.h in Headers */ = {isa = PBXBuildFile; fileRef = 501D0AAD2645C88E00157631 /* BHDownload.h */; };
		501D0AB02645C88F00157631 /* BHDownload.m in Sources */ = {isa = PBXBuildFile; fileRef = 501D0AAE2645C88F00157631 /* BHDownload.m */; };
		501D0ACC2645CAF100157631 /* JGProgressHUDIndeterminateIndicatorView.m in Sources */ = {isa = PBXBuildFile; fileRef = 501D0AB22645CAF100157631 /* JGProgressHUDIndeterminateIndicatorView.m */; };
		501D0ACD2645CAF100157631 /* JGProgressHUDErrorIndicatorView.m in Sources */ = {isa = PBXBuildFile; fileRef = 501D0AB32645CAF100157631 /* JGProgressHUDErrorIndicatorView.m */; };
		501D0ACE2645CAF100157631 /* JGProgressHUDAnimation.m in Sources */ = {isa = PBXBuildFile; fileRef = 501D0AB42645CAF100157631 /* JGProgressHUDAnimation.m */; };
		501D0ACF2645CAF100157631 /* JGProgressHUDSuccessIndicatorView.h in Headers */ = {isa = PBXBuildFile; fileRef = 501D0AB62645CAF100157631 /* JGProgressHUDSuccessIndicatorView.h */; };
		501D0AD02645CAF100157631 /* JGProgressHUDImageIndicatorView.h in Headers */ = {isa = PBXBuildFile; fileRef = 501D0AB72645CAF100157631 /* JGProgressHUDImageIndicatorView.h */; };
		501D0AD12645CAF100157631 /* JGProgressHUDIndicatorView.h in Headers */ = {isa = PBXBuildFile; fileRef = 501D0AB82645CAF100157631 /* JGProgressHUDIndicatorView.h */; };
		501D0AD22645CAF100157631 /* JGProgressHUD.h in Headers */ = {isa = PBXBuildFile; fileRef = 501D0AB92645CAF100157631 /* JGProgressHUD.h */; };
		501D0AD32645CAF100157631 /* JGProgressHUDShadow.h in Headers */ = {isa = PBXBuildFile; fileRef = 501D0ABA2645CAF100157631 /* JGProgressHUDShadow.h */; };
		501D0AD42645CAF100157631 /* JGProgressHUDPieIndicatorView.h in Headers */ = {isa = PBXBuildFile; fileRef = 501D0ABB2645CAF100157631 /* JGProgressHUDPieIndicatorView.h */; };
		501D0AD52645CAF100157631 /* JGProgressHUDRingIndicatorView.h in Headers */ = {isa = PBXBuildFile; fileRef = 501D0ABC2645CAF100157631 /* JGProgressHUDRingIndicatorView.h */; };
		501D0AD62645CAF100157631 /* JGProgressHUDFadeAnimation.h in Headers */ = {isa = PBXBuildFile; fileRef = 501D0ABD2645CAF100157631 /* JGProgressHUDFadeAnimation.h */; };
		501D0AD72645CAF100157631 /* JGProgressHUD-Defines.h in Headers */ = {isa = PBXBuildFile; fileRef = 501D0ABE2645CAF100157631 /* JGProgressHUD-Defines.h */; };
		501D0AD82645CAF100157631 /* JGProgressHUDAnimation.h in Headers */ = {isa = PBXBuildFile; fileRef = 501D0ABF2645CAF100157631 /* JGProgressHUDAnimation.h */; };
		501D0AD92645CAF100157631 /* JGProgressHUDErrorIndicatorView.h in Headers */ = {isa = PBXBuildFile; fileRef = 501D0AC02645CAF100157631 /* JGProgressHUDErrorIndicatorView.h */; };
		501D0ADA2645CAF100157631 /* JGProgressHUDIndeterminateIndicatorView.h in Headers */ = {isa = PBXBuildFile; fileRef = 501D0AC12645CAF100157631 /* JGProgressHUDIndeterminateIndicatorView.h */; };
		501D0ADB2645CAF100157631 /* JGProgressHUDFadeZoomAnimation.h in Headers */ = {isa = PBXBuildFile; fileRef = 501D0AC22645CAF100157631 /* JGProgressHUDFadeZoomAnimation.h */; };
		501D0ADC2645CAF100157631 /* JGProgressHUDFadeZoomAnimation.m in Sources */ = {isa = PBXBuildFile; fileRef = 501D0AC32645CAF100157631 /* JGProgressHUDFadeZoomAnimation.m */; };
		501D0ADD2645CAF100157631 /* JGProgressHUDImageIndicatorView.m in Sources */ = {isa = PBXBuildFile; fileRef = 501D0AC42645CAF100157631 /* JGProgressHUDImageIndicatorView.m */; };
		501D0ADE2645CAF100157631 /* JGProgressHUDSuccessIndicatorView.m in Sources */ = {isa = PBXBuildFile; fileRef = 501D0AC52645CAF100157631 /* JGProgressHUDSuccessIndicatorView.m */; };
		501D0ADF2645CAF100157631 /* JGProgressHUDIndicatorView.m in Sources */ = {isa = PBXBuildFile; fileRef = 501D0AC62645CAF100157631 /* JGProgressHUDIndicatorView.m */; };
		501D0AE02645CAF100157631 /* JGProgressHUD.m in Sources */ = {isa = PBXBuildFile; fileRef = 501D0AC72645CAF100157631 /* JGProgressHUD.m */; };
		501D0AE12645CAF100157631 /* JGProgressHUDFadeAnimation.m in Sources */ = {isa = PBXBuildFile; fileRef = 501D0AC82645CAF100157631 /* JGProgressHUDFadeAnimation.m */; };
		501D0AE22645CAF100157631 /* JGProgressHUDRingIndicatorView.m in Sources */ = {isa = PBXBuildFile; fileRef = 501D0AC92645CAF100157631 /* JGProgressHUDRingIndicatorView.m */; };
		501D0AE32645CAF100157631 /* JGProgressHUDPieIndicatorView.m in Sources */ = {isa = PBXBuildFile; fileRef = 501D0ACA2645CAF100157631 /* JGProgressHUDPieIndicatorView.m */; };
		501D0AE42645CAF100157631 /* JGProgressHUDShadow.m in Sources */ = {isa = PBXBuildFile; fileRef = 501D0ACB2645CAF100157631 /* JGProgressHUDShadow.m */; };
		501D0AE62645CB0700157631 /* QuartzCore.framework in Frameworks */ = {isa = PBXBuildFile; fileRef = 501D0AE52645CB0700157631 /* QuartzCore.framework */; };
		501D0AE82645CDAC00157631 /* Photos.framework in Frameworks */ = {isa = PBXBuildFile; fileRef = 501D0AE72645CDAC00157631 /* Photos.framework */; };
		501D0AEA2645CEC500157631 /* SceneKit.framework in Frameworks */ = {isa = PBXBuildFile; fileRef = 501D0AE92645CEC500157631 /* SceneKit.framework */; };
		501D0AEC2645CECE00157631 /* ImageIO.framework in Frameworks */ = {isa = PBXBuildFile; fileRef = 501D0AEB2645CECE00157631 /* ImageIO.framework */; };
		501D0AEE2645CEE200157631 /* CoreGraphics.framework in Frameworks */ = {isa = PBXBuildFile; fileRef = 501D0AED2645CEE200157631 /* CoreGraphics.framework */; };
		501E87C926FA9CFB00C7DA04 /* SafariServices.framework in Frameworks */ = {isa = PBXBuildFile; fileRef = 501E87C826FA9CFB00C7DA04 /* SafariServices.framework */; };
		50882E0626519B23003C7375 /* BHVideoManager.h in Headers */ = {isa = PBXBuildFile; fileRef = 50882E0426519B23003C7375 /* BHVideoManager.h */; };
		50882E0726519B23003C7375 /* BHVideoManager.m in Sources */ = {isa = PBXBuildFile; fileRef = 50882E0526519B23003C7375 /* BHVideoManager.m */; };
		50882E0926519DA4003C7375 /* CoreMedia.framework in Frameworks */ = {isa = PBXBuildFile; fileRef = 50882E0826519DA4003C7375 /* CoreMedia.framework */; };
		50882E0C26519DB6003C7375 /* AVKit.framework in Frameworks */ = {isa = PBXBuildFile; fileRef = 50882E0A26519DB6003C7375 /* AVKit.framework */; };
		50882E0D26519DB6003C7375 /* AVFoundation.framework in Frameworks */ = {isa = PBXBuildFile; fileRef = 50882E0B26519DB6003C7375 /* AVFoundation.framework */; };
		50882E0F26519DBD003C7375 /* MediaPlayer.framework in Frameworks */ = {isa = PBXBuildFile; fileRef = 50882E0E26519DBD003C7375 /* MediaPlayer.framework */; };
		50882E1126519DC2003C7375 /* MediaToolbox.framework in Frameworks */ = {isa = PBXBuildFile; fileRef = 50882E1026519DC2003C7375 /* MediaToolbox.framework */; };
/* End PBXBuildFile section */

/* Begin PBXFileReference section */
		501D0A902645C7EC00157631 /* YTShortsDownloader.dylib */ = {isa = PBXFileReference; explicitFileType = "compiled.mach-o.dylib"; includeInIndex = 0; path = YTShortsDownloader.dylib; sourceTree = BUILT_PRODUCTS_DIR; };
		501D0A932645C7EC00157631 /* UIKit.framework */ = {isa = PBXFileReference; lastKnownFileType = wrapper.framework; name = UIKit.framework; path = System/Library/Frameworks/UIKit.framework; sourceTree = SDKROOT; };
		501D0A952645C7EC00157631 /* Foundation.framework */ = {isa = PBXFileReference; lastKnownFileType = wrapper.framework; name = Foundation.framework; path = System/Library/Frameworks/Foundation.framework; sourceTree = SDKROOT; };
		501D0A972645C7EC00157631 /* CydiaSubstrate.framework */ = {isa = PBXFileReference; lastKnownFileType = wrapper.framework; name = CydiaSubstrate.framework; path = Library/Frameworks/CydiaSubstrate.framework; sourceTree = DEVELOPER_DIR; };
		501D0A9C2645C7EC00157631 /* control */ = {isa = PBXFileReference; lastKnownFileType = text; path = control; sourceTree = "<group>"; };
		501D0A9E2645C7EC00157631 /* YTShortsDownloader-Prefix.pch */ = {isa = PBXFileReference; lastKnownFileType = sourcecode.c.h; name = "YTShortsDownloader-Prefix.pch"; path = "../YTShortsDownloader-Prefix.pch"; sourceTree = "<group>"; };
		501D0A9F2645C7EC00157631 /* YTShortsDownloader.xm */ = {isa = PBXFileReference; explicitFileType = sourcecode.c.objc; path = YTShortsDownloader.xm; sourceTree = "<group>"; };
		501D0AA02645C7EC00157631 /* YTShortsDownloader.mm */ = {isa = PBXFileReference; lastKnownFileType = sourcecode.cpp.objcpp; path = YTShortsDownloader.mm; sourceTree = "<group>"; };
		501D0AA52645C7EC00157631 /* YTShortsDownloader.plist */ = {isa = PBXFileReference; lastKnownFileType = text.plist.xml; path = YTShortsDownloader.plist; sourceTree = "<group>"; };
		501D0AAB2645C86900157631 /* YTHeaders.h */ = {isa = PBXFileReference; fileEncoding = 4; lastKnownFileType = sourcecode.c.h; path = YTHeaders.h; sourceTree = "<group>"; };
		501D0AAD2645C88E00157631 /* BHDownload.h */ = {isa = PBXFileReference; fileEncoding = 4; lastKnownFileType = sourcecode.c.h; path = BHDownload.h; sourceTree = "<group>"; };
		501D0AAE2645C88F00157631 /* BHDownload.m */ = {isa = PBXFileReference; fileEncoding = 4; lastKnownFileType = sourcecode.c.objc; path = BHDownload.m; sourceTree = "<group>"; };
		501D0AB22645CAF100157631 /* JGProgressHUDIndeterminateIndicatorView.m */ = {isa = PBXFileReference; fileEncoding = 4; lastKnownFileType = sourcecode.c.objc; path = JGProgressHUDIndeterminateIndicatorView.m; sourceTree = "<group>"; };
		501D0AB32645CAF100157631 /* JGProgressHUDErrorIndicatorView.m */ = {isa = PBXFileReference; fileEncoding = 4; lastKnownFileType = sourcecode.c.objc; path = JGProgressHUDErrorIndicatorView.m; sourceTree = "<group>"; };
		501D0AB42645CAF100157631 /* JGProgressHUDAnimation.m */ = {isa = PBXFileReference; fileEncoding = 4; lastKnownFileType = sourcecode.c.objc; path = JGProgressHUDAnimation.m; sourceTree = "<group>"; };
		501D0AB62645CAF100157631 /* JGProgressHUDSuccessIndicatorView.h */ = {isa = PBXFileReference; fileEncoding = 4; lastKnownFileType = sourcecode.c.h; path = JGProgressHUDSuccessIndicatorView.h; sourceTree = "<group>"; };
		501D0AB72645CAF100157631 /* JGProgressHUDImageIndicatorView.h */ = {isa = PBXFileReference; fileEncoding = 4; lastKnownFileType = sourcecode.c.h; path = JGProgressHUDImageIndicatorView.h; sourceTree = "<group>"; };
		501D0AB82645CAF100157631 /* JGProgressHUDIndicatorView.h */ = {isa = PBXFileReference; fileEncoding = 4; lastKnownFileType = sourcecode.c.h; path = JGProgressHUDIndicatorView.h; sourceTree = "<group>"; };
		501D0AB92645CAF100157631 /* JGProgressHUD.h */ = {isa = PBXFileReference; fileEncoding = 4; lastKnownFileType = sourcecode.c.h; path = JGProgressHUD.h; sourceTree = "<group>"; };
		501D0ABA2645CAF100157631 /* JGProgressHUDShadow.h */ = {isa = PBXFileReference; fileEncoding = 4; lastKnownFileType = sourcecode.c.h; path = JGProgressHUDShadow.h; sourceTree = "<group>"; };
		501D0ABB2645CAF100157631 /* JGProgressHUDPieIndicatorView.h */ = {isa = PBXFileReference; fileEncoding = 4; lastKnownFileType = sourcecode.c.h; path = JGProgressHUDPieIndicatorView.h; sourceTree = "<group>"; };
		501D0ABC2645CAF100157631 /* JGProgressHUDRingIndicatorView.h */ = {isa = PBXFileReference; fileEncoding = 4; lastKnownFileType = sourcecode.c.h; path = JGProgressHUDRingIndicatorView.h; sourceTree = "<group>"; };
		501D0ABD2645CAF100157631 /* JGProgressHUDFadeAnimation.h */ = {isa = PBXFileReference; fileEncoding = 4; lastKnownFileType = sourcecode.c.h; path = JGProgressHUDFadeAnimation.h; sourceTree = "<group>"; };
		501D0ABE2645CAF100157631 /* JGProgressHUD-Defines.h */ = {isa = PBXFileReference; fileEncoding = 4; lastKnownFileType = sourcecode.c.h; path = "JGProgressHUD-Defines.h"; sourceTree = "<group>"; };
		501D0ABF2645CAF100157631 /* JGProgressHUDAnimation.h */ = {isa = PBXFileReference; fileEncoding = 4; lastKnownFileType = sourcecode.c.h; path = JGProgressHUDAnimation.h; sourceTree = "<group>"; };
		501D0AC02645CAF100157631 /* JGProgressHUDErrorIndicatorView.h */ = {isa = PBXFileReference; fileEncoding = 4; lastKnownFileType = sourcecode.c.h; path = JGProgressHUDErrorIndicatorView.h; sourceTree = "<group>"; };
		501D0AC12645CAF100157631 /* JGProgressHUDIndeterminateIndicatorView.h */ = {isa = PBXFileReference; fileEncoding = 4; lastKnownFileType = sourcecode.c.h; path = JGProgressHUDIndeterminateIndicatorView.h; sourceTree = "<group>"; };
		501D0AC22645CAF100157631 /* JGProgressHUDFadeZoomAnimation.h */ = {isa = PBXFileReference; fileEncoding = 4; lastKnownFileType = sourcecode.c.h; path = JGProgressHUDFadeZoomAnimation.h; sourceTree = "<group>"; };
		501D0AC32645CAF100157631 /* JGProgressHUDFadeZoomAnimation.m */ = {isa = PBXFileReference; fileEncoding = 4; lastKnownFileType = sourcecode.c.objc; path = JGProgressHUDFadeZoomAnimation.m; sourceTree = "<group>"; };
		501D0AC42645CAF100157631 /* JGProgressHUDImageIndicatorView.m */ = {isa = PBXFileReference; fileEncoding = 4; lastKnownFileType = sourcecode.c.objc; path = JGProgressHUDImageIndicatorView.m; sourceTree = "<group>"; };
		501D0AC52645CAF100157631 /* JGProgressHUDSuccessIndicatorView.m */ = {isa = PBXFileReference; fileEncoding = 4; lastKnownFileType = sourcecode.c.objc; path = JGProgressHUDSuccessIndicatorView.m; sourceTree = "<group>"; };
		501D0AC62645CAF100157631 /* JGProgressHUDIndicatorView.m */ = {isa = PBXFileReference; fileEncoding = 4; lastKnownFileType = sourcecode.c.objc; path = JGProgressHUDIndicatorView.m; sourceTree = "<group>"; };
		501D0AC72645CAF100157631 /* JGProgressHUD.m */ = {isa = PBXFileReference; fileEncoding = 4; lastKnownFileType = sourcecode.c.objc; path = JGProgressHUD.m; sourceTree = "<group>"; };
		501D0AC82645CAF100157631 /* JGProgressHUDFadeAnimation.m */ = {isa = PBXFileReference; fileEncoding = 4; lastKnownFileType = sourcecode.c.objc; path = JGProgressHUDFadeAnimation.m; sourceTree = "<group>"; };
		501D0AC92645CAF100157631 /* JGProgressHUDRingIndicatorView.m */ = {isa = PBXFileReference; fileEncoding = 4; lastKnownFileType = sourcecode.c.objc; path = JGProgressHUDRingIndicatorView.m; sourceTree = "<group>"; };
		501D0ACA2645CAF100157631 /* JGProgressHUDPieIndicatorView.m */ = {isa = PBXFileReference; fileEncoding = 4; lastKnownFileType = sourcecode.c.objc; path = JGProgressHUDPieIndicatorView.m; sourceTree = "<group>"; };
		501D0ACB2645CAF100157631 /* JGProgressHUDShadow.m */ = {isa = PBXFileReference; fileEncoding = 4; lastKnownFileType = sourcecode.c.objc; path = JGProgressHUDShadow.m; sourceTree = "<group>"; };
		501D0AE52645CB0700157631 /* QuartzCore.framework */ = {isa = PBXFileReference; lastKnownFileType = wrapper.framework; name = QuartzCore.framework; path = System/Library/Frameworks/QuartzCore.framework; sourceTree = SDKROOT; };
		501D0AE72645CDAC00157631 /* Photos.framework */ = {isa = PBXFileReference; lastKnownFileType = wrapper.framework; name = Photos.framework; path = System/Library/Frameworks/Photos.framework; sourceTree = SDKROOT; };
		501D0AE92645CEC500157631 /* SceneKit.framework */ = {isa = PBXFileReference; lastKnownFileType = wrapper.framework; name = SceneKit.framework; path = System/Library/Frameworks/SceneKit.framework; sourceTree = SDKROOT; };
		501D0AEB2645CECE00157631 /* ImageIO.framework */ = {isa = PBXFileReference; lastKnownFileType = wrapper.framework; name = ImageIO.framework; path = System/Library/Frameworks/ImageIO.framework; sourceTree = SDKROOT; };
		501D0AED2645CEE200157631 /* CoreGraphics.framework */ = {isa = PBXFileReference; lastKnownFileType = wrapper.framework; name = CoreGraphics.framework; path = System/Library/Frameworks/CoreGraphics.framework; sourceTree = SDKROOT; };
		501E87C826FA9CFB00C7DA04 /* SafariServices.framework */ = {isa = PBXFileReference; lastKnownFileType = wrapper.framework; name = SafariServices.framework; path = System/Library/Frameworks/SafariServices.framework; sourceTree = SDKROOT; };
		50882E0426519B23003C7375 /* BHVideoManager.h */ = {isa = PBXFileReference; fileEncoding = 4; lastKnownFileType = sourcecode.c.h; path = BHVideoManager.h; sourceTree = "<group>"; };
		50882E0526519B23003C7375 /* BHVideoManager.m */ = {isa = PBXFileReference; fileEncoding = 4; lastKnownFileType = sourcecode.c.objc; path = BHVideoManager.m; sourceTree = "<group>"; };
		50882E0826519DA4003C7375 /* CoreMedia.framework */ = {isa = PBXFileReference; lastKnownFileType = wrapper.framework; name = CoreMedia.framework; path = System/Library/Frameworks/CoreMedia.framework; sourceTree = SDKROOT; };
		50882E0A26519DB6003C7375 /* AVKit.framework */ = {isa = PBXFileReference; lastKnownFileType = wrapper.framework; name = AVKit.framework; path = System/Library/Frameworks/AVKit.framework; sourceTree = SDKROOT; };
		50882E0B26519DB6003C7375 /* AVFoundation.framework */ = {isa = PBXFileReference; lastKnownFileType = wrapper.framework; name = AVFoundation.framework; path = System/Library/Frameworks/AVFoundation.framework; sourceTree = SDKROOT; };
		50882E0E26519DBD003C7375 /* MediaPlayer.framework */ = {isa = PBXFileReference; lastKnownFileType = wrapper.framework; name = MediaPlayer.framework; path = System/Library/Frameworks/MediaPlayer.framework; sourceTree = SDKROOT; };
		50882E1026519DC2003C7375 /* MediaToolbox.framework */ = {isa = PBXFileReference; lastKnownFileType = wrapper.framework; name = MediaToolbox.framework; path = System/Library/Frameworks/MediaToolbox.framework; sourceTree = SDKROOT; };
/* End PBXFileReference section */

/* Begin PBXFrameworksBuildPhase section */
		501D0A8C2645C7EC00157631 /* Frameworks */ = {
			isa = PBXFrameworksBuildPhase;
			buildActionMask = 2147483647;
			files = (
				50882E0926519DA4003C7375 /* CoreMedia.framework in Frameworks */,
				501D0A942645C7EC00157631 /* UIKit.framework in Frameworks */,
				50882E0D26519DB6003C7375 /* AVFoundation.framework in Frameworks */,
				501D0AE82645CDAC00157631 /* Photos.framework in Frameworks */,
				501D0AEC2645CECE00157631 /* ImageIO.framework in Frameworks */,
				501D0AEE2645CEE200157631 /* CoreGraphics.framework in Frameworks */,
				501E87C926FA9CFB00C7DA04 /* SafariServices.framework in Frameworks */,
				50882E0F26519DBD003C7375 /* MediaPlayer.framework in Frameworks */,
				501D0AEA2645CEC500157631 /* SceneKit.framework in Frameworks */,
				501D0A962645C7EC00157631 /* Foundation.framework in Frameworks */,
				50882E1126519DC2003C7375 /* MediaToolbox.framework in Frameworks */,
				501D0AE62645CB0700157631 /* QuartzCore.framework in Frameworks */,
				50882E0C26519DB6003C7375 /* AVKit.framework in Frameworks */,
			);
			runOnlyForDeploymentPostprocessing = 0;
		};
/* End PBXFrameworksBuildPhase section */

/* Begin PBXGroup section */
		501D0A852645C7EC00157631 = {
			isa = PBXGroup;
			children = (
				501D0A992645C7EC00157631 /* YTShortsDownloader */,
				501D0A922645C7EC00157631 /* Frameworks */,
				501D0A912645C7EC00157631 /* Products */,
			);
			sourceTree = "<group>";
		};
		501D0A912645C7EC00157631 /* Products */ = {
			isa = PBXGroup;
			children = (
				501D0A902645C7EC00157631 /* YTShortsDownloader.dylib */,
			);
			name = Products;
			sourceTree = "<group>";
		};
		501D0A922645C7EC00157631 /* Frameworks */ = {
			isa = PBXGroup;
			children = (
				501E87C826FA9CFB00C7DA04 /* SafariServices.framework */,
				50882E1026519DC2003C7375 /* MediaToolbox.framework */,
				50882E0E26519DBD003C7375 /* MediaPlayer.framework */,
				50882E0B26519DB6003C7375 /* AVFoundation.framework */,
				50882E0A26519DB6003C7375 /* AVKit.framework */,
				50882E0826519DA4003C7375 /* CoreMedia.framework */,
				501D0AED2645CEE200157631 /* CoreGraphics.framework */,
				501D0AEB2645CECE00157631 /* ImageIO.framework */,
				501D0AE92645CEC500157631 /* SceneKit.framework */,
				501D0AE72645CDAC00157631 /* Photos.framework */,
				501D0AE52645CB0700157631 /* QuartzCore.framework */,
				501D0A932645C7EC00157631 /* UIKit.framework */,
				501D0A952645C7EC00157631 /* Foundation.framework */,
				501D0A972645C7EC00157631 /* CydiaSubstrate.framework */,
			);
			name = Frameworks;
			sourceTree = "<group>";
		};
		501D0A992645C7EC00157631 /* YTShortsDownloader */ = {
			isa = PBXGroup;
			children = (
				50882E0326519B19003C7375 /* BHVideoManager */,
				501D0AAD2645C88E00157631 /* BHDownload.h */,
				501D0AAE2645C88F00157631 /* BHDownload.m */,
				501D0AAB2645C86900157631 /* YTHeaders.h */,
				501D0A9F2645C7EC00157631 /* YTShortsDownloader.xm */,
				501D0AA02645C7EC00157631 /* YTShortsDownloader.mm */,
				501D0AB12645CAF100157631 /* JGProgressHUD */,
				501D0A9A2645C7EC00157631 /* Package */,
				501D0A9D2645C7EC00157631 /* Supporting Files */,
			);
			path = YTShortsDownloader;
			sourceTree = "<group>";
		};
		501D0A9A2645C7EC00157631 /* Package */ = {
			isa = PBXGroup;
			children = (
				501D0A9B2645C7EC00157631 /* DEBIAN */,
				501D0AA22645C7EC00157631 /* Library */,
			);
			path = Package;
			sourceTree = "<group>";
		};
		501D0A9B2645C7EC00157631 /* DEBIAN */ = {
			isa = PBXGroup;
			children = (
				501D0A9C2645C7EC00157631 /* control */,
			);
			path = DEBIAN;
			sourceTree = "<group>";
		};
		501D0A9D2645C7EC00157631 /* Supporting Files */ = {
			isa = PBXGroup;
			children = (
				501D0A9E2645C7EC00157631 /* YTShortsDownloader-Prefix.pch */,
			);
			path = "Supporting Files";
			sourceTree = "<group>";
		};
		501D0AA22645C7EC00157631 /* Library */ = {
			isa = PBXGroup;
			children = (
				501D0AA32645C7EC00157631 /* MobileSubstrate */,
			);
			path = Library;
			sourceTree = "<group>";
		};
		501D0AA32645C7EC00157631 /* MobileSubstrate */ = {
			isa = PBXGroup;
			children = (
				501D0AA42645C7EC00157631 /* DynamicLibraries */,
			);
			path = MobileSubstrate;
			sourceTree = "<group>";
		};
		501D0AA42645C7EC00157631 /* DynamicLibraries */ = {
			isa = PBXGroup;
			children = (
				501D0AA52645C7EC00157631 /* YTShortsDownloader.plist */,
			);
			path = DynamicLibraries;
			sourceTree = "<group>";
		};
		501D0AB12645CAF100157631 /* JGProgressHUD */ = {
			isa = PBXGroup;
			children = (
				501D0AB22645CAF100157631 /* JGProgressHUDIndeterminateIndicatorView.m */,
				501D0AB32645CAF100157631 /* JGProgressHUDErrorIndicatorView.m */,
				501D0AB42645CAF100157631 /* JGProgressHUDAnimation.m */,
				501D0AB52645CAF100157631 /* include */,
				501D0AC32645CAF100157631 /* JGProgressHUDFadeZoomAnimation.m */,
				501D0AC42645CAF100157631 /* JGProgressHUDImageIndicatorView.m */,
				501D0AC52645CAF100157631 /* JGProgressHUDSuccessIndicatorView.m */,
				501D0AC62645CAF100157631 /* JGProgressHUDIndicatorView.m */,
				501D0AC72645CAF100157631 /* JGProgressHUD.m */,
				501D0AC82645CAF100157631 /* JGProgressHUDFadeAnimation.m */,
				501D0AC92645CAF100157631 /* JGProgressHUDRingIndicatorView.m */,
				501D0ACA2645CAF100157631 /* JGProgressHUDPieIndicatorView.m */,
				501D0ACB2645CAF100157631 /* JGProgressHUDShadow.m */,
			);
			path = JGProgressHUD;
			sourceTree = "<group>";
		};
		501D0AB52645CAF100157631 /* include */ = {
			isa = PBXGroup;
			children = (
				501D0AB62645CAF100157631 /* JGProgressHUDSuccessIndicatorView.h */,
				501D0AB72645CAF100157631 /* JGProgressHUDImageIndicatorView.h */,
				501D0AB82645CAF100157631 /* JGProgressHUDIndicatorView.h */,
				501D0AB92645CAF100157631 /* JGProgressHUD.h */,
				501D0ABA2645CAF100157631 /* JGProgressHUDShadow.h */,
				501D0ABB2645CAF100157631 /* JGProgressHUDPieIndicatorView.h */,
				501D0ABC2645CAF100157631 /* JGProgressHUDRingIndicatorView.h */,
				501D0ABD2645CAF100157631 /* JGProgressHUDFadeAnimation.h */,
				501D0ABE2645CAF100157631 /* JGProgressHUD-Defines.h */,
				501D0ABF2645CAF100157631 /* JGProgressHUDAnimation.h */,
				501D0AC02645CAF100157631 /* JGProgressHUDErrorIndicatorView.h */,
				501D0AC12645CAF100157631 /* JGProgressHUDIndeterminateIndicatorView.h */,
				501D0AC22645CAF100157631 /* JGProgressHUDFadeZoomAnimation.h */,
			);
			path = include;
			sourceTree = "<group>";
		};
		50882E0326519B19003C7375 /* BHVideoManager */ = {
			isa = PBXGroup;
			children = (
				50882E0426519B23003C7375 /* BHVideoManager.h */,
				50882E0526519B23003C7375 /* BHVideoManager.m */,
			);
			path = BHVideoManager;
			sourceTree = "<group>";
		};
/* End PBXGroup section */

/* Begin PBXHeadersBuildPhase section */
		501D0A8D2645C7EC00157631 /* Headers */ = {
			isa = PBXHeadersBuildPhase;
			buildActionMask = 2147483647;
			files = (
				501D0AD52645CAF100157631 /* JGProgressHUDRingIndicatorView.h in Headers */,
				501D0AD92645CAF100157631 /* JGProgressHUDErrorIndicatorView.h in Headers */,
				50882E0626519B23003C7375 /* BHVideoManager.h in Headers */,
				501D0AD22645CAF100157631 /* JGProgressHUD.h in Headers */,
				501D0ADB2645CAF100157631 /* JGProgressHUDFadeZoomAnimation.h in Headers */,
				501D0AAF2645C88F00157631 /* BHDownload.h in Headers */,
				501D0AD62645CAF100157631 /* JGProgressHUDFadeAnimation.h in Headers */,
				501D0AD42645CAF100157631 /* JGProgressHUDPieIndicatorView.h in Headers */,
				501D0AD32645CAF100157631 /* JGProgressHUDShadow.h in Headers */,
				501D0ACF2645CAF100157631 /* JGProgressHUDSuccessIndicatorView.h in Headers */,
				501D0AD72645CAF100157631 /* JGProgressHUD-Defines.h in Headers */,
				501D0ADA2645CAF100157631 /* JGProgressHUDIndeterminateIndicatorView.h in Headers */,
				501D0AD12645CAF100157631 /* JGProgressHUDIndicatorView.h in Headers */,
				501D0AD82645CAF100157631 /* JGProgressHUDAnimation.h in Headers */,
				501D0AAC2645C86900157631 /* YTHeaders.h in Headers */,
				501D0AD02645CAF100157631 /* JGProgressHUDImageIndicatorView.h in Headers */,
			);
			runOnlyForDeploymentPostprocessing = 0;
		};
/* End PBXHeadersBuildPhase section */

/* Begin PBXNativeTarget section */
		501D0A8F2645C7EC00157631 /* YTShortsDownloader */ = {
			isa = PBXNativeTarget;
			buildConfigurationList = 501D0AA82645C7EC00157631 /* Build configuration list for PBXNativeTarget "YTShortsDownloader" */;
			buildPhases = (
				501D0A8A2645C7EC00157631 /* ShellScript */,
				501D0A8B2645C7EC00157631 /* Sources */,
				501D0A8C2645C7EC00157631 /* Frameworks */,
				501D0A8D2645C7EC00157631 /* Headers */,
				501D0A8E2645C7EC00157631 /* ShellScript */,
			);
			buildRules = (
			);
			dependencies = (
			);
			name = YTShortsDownloader;
			productName = YTShortsDownloader;
			productReference = 501D0A902645C7EC00157631 /* YTShortsDownloader.dylib */;
			productType = "com.apple.product-type.library.dynamic";
		};
/* End PBXNativeTarget section */

/* Begin PBXProject section */
		501D0A862645C7EC00157631 /* Project object */ = {
			isa = PBXProject;
			attributes = {
				LastUpgradeCheck = 1170;
				TargetAttributes = {
					501D0A8F2645C7EC00157631 = {
						CreatedOnToolsVersion = 11.7;
					};
				};
			};
			buildConfigurationList = 501D0A892645C7EC00157631 /* Build configuration list for PBXProject "YTShortsDownloader" */;
			compatibilityVersion = "Xcode 9.3";
			developmentRegion = en;
			hasScannedForEncodings = 0;
			knownRegions = (
				en,
				Base,
			);
			mainGroup = 501D0A852645C7EC00157631;
			productRefGroup = 501D0A912645C7EC00157631 /* Products */;
			projectDirPath = "";
			projectRoot = "";
			targets = (
				501D0A8F2645C7EC00157631 /* YTShortsDownloader */,
			);
		};
/* End PBXProject section */

/* Begin PBXShellScriptBuildPhase section */
		501D0A8A2645C7EC00157631 /* ShellScript */ = {
			isa = PBXShellScriptBuildPhase;
			buildActionMask = 2147483647;
			files = (
			);
			inputFileListPaths = (
			);
			inputPaths = (
			);
			outputFileListPaths = (
			);
			outputPaths = (
			);
			runOnlyForDeploymentPostprocessing = 0;
			shellPath = /bin/sh;
			shellScript = "/opt/MonkeyDev/bin/md --xcbp-logos";
		};
		501D0A8E2645C7EC00157631 /* ShellScript */ = {
			isa = PBXShellScriptBuildPhase;
			buildActionMask = 2147483647;
			files = (
			);
			inputFileListPaths = (
			);
			inputPaths = (
			);
			outputFileListPaths = (
			);
			outputPaths = (
			);
			runOnlyForDeploymentPostprocessing = 0;
			shellPath = /bin/sh;
			shellScript = "/opt/MonkeyDev/bin/md --xcbp";
		};
/* End PBXShellScriptBuildPhase section */

/* Begin PBXSourcesBuildPhase section */
		501D0A8B2645C7EC00157631 /* Sources */ = {
			isa = PBXSourcesBuildPhase;
			buildActionMask = 2147483647;
			files = (
				501D0AE32645CAF100157631 /* JGProgressHUDPieIndicatorView.m in Sources */,
				501D0AA12645C7EC00157631 /* YTShortsDownloader.mm in Sources */,
				501D0AB02645C88F00157631 /* BHDownload.m in Sources */,
				501D0ADD2645CAF100157631 /* JGProgressHUDImageIndicatorView.m in Sources */,
				501D0ACC2645CAF100157631 /* JGProgressHUDIndeterminateIndicatorView.m in Sources */,
				501D0AE42645CAF100157631 /* JGProgressHUDShadow.m in Sources */,
				50882E0726519B23003C7375 /* BHVideoManager.m in Sources */,
				501D0AE22645CAF100157631 /* JGProgressHUDRingIndicatorView.m in Sources */,
				501D0ADF2645CAF100157631 /* JGProgressHUDIndicatorView.m in Sources */,
				501D0ACE2645CAF100157631 /* JGProgressHUDAnimation.m in Sources */,
				501D0ADC2645CAF100157631 /* JGProgressHUDFadeZoomAnimation.m in Sources */,
				501D0ADE2645CAF100157631 /* JGProgressHUDSuccessIndicatorView.m in Sources */,
				501D0AE12645CAF100157631 /* JGProgressHUDFadeAnimation.m in Sources */,
				501D0ACD2645CAF100157631 /* JGProgressHUDErrorIndicatorView.m in Sources */,
				501D0AE02645CAF100157631 /* JGProgressHUD.m in Sources */,
			);
			runOnlyForDeploymentPostprocessing = 0;
		};
/* End PBXSourcesBuildPhase section */

/* Begin XCBuildConfiguration section */
		501D0AA62645C7EC00157631 /* Release */ = {
			isa = XCBuildConfiguration;
			buildSettings = {
				COPY_PHASE_STRIP = YES;
				EXCLUDED_RECURSIVE_SEARCH_PATH_SUBDIRECTORIES = "*.nib *.lproj *.gch (*) .DS_Store CVS .svn .git .hg *.xcodeproj *.xcode *.pbproj *.pbxproj";
				FRAMEWORK_SEARCH_PATHS = (
					"$(MonkeyDevPath)/frameworks/**",
					"$(MonkeyDevTheosPath)/vendor/lib",
				);
				GCC_C_LANGUAGE_STANDARD = gnu99;
				GCC_WARN_ABOUT_MISSING_PROTOTYPES = YES;
				GCC_WARN_ABOUT_RETURN_TYPE = YES;
				GCC_WARN_UNUSED_VARIABLE = YES;
				HEADER_SEARCH_PATHS = "$(MonkeyDevTheosPath)/vendor/include/**";
				IPHONEOS_DEPLOYMENT_TARGET = 8.0;
				LIBRARY_SEARCH_PATHS = "$(MonkeyDevTheosPath)/vendor/lib/**";
				MonkeyDevPath = /opt/MonkeyDev;
				MonkeyDevTheosPath = /opt/theos;
				OTHER_CFLAGS = "-DTHEOS_INSTANCE_NAME=\"\\\"YTShortsDownloader\\\"\"";
				SDKROOT = iphoneos;
				TARGETED_DEVICE_FAMILY = "1,2";
				VALIDATE_PRODUCT = YES;
			};
			name = Release;
		};
		501D0AA72645C7EC00157631 /* Debug */ = {
			isa = XCBuildConfiguration;
			buildSettings = {
				COPY_PHASE_STRIP = NO;
				EXCLUDED_RECURSIVE_SEARCH_PATH_SUBDIRECTORIES = "*.nib *.lproj *.gch (*) .DS_Store CVS .svn .git .hg *.xcodeproj *.xcode *.pbproj *.pbxproj";
				FRAMEWORK_SEARCH_PATHS = (
					"$(MonkeyDevPath)/frameworks/**",
					"$(MonkeyDevTheosPath)/vendor/lib",
				);
				GCC_C_LANGUAGE_STANDARD = gnu99;
				GCC_DYNAMIC_NO_PIC = NO;
				GCC_OPTIMIZATION_LEVEL = 0;
				GCC_PREPROCESSOR_DEFINITIONS = (
					"DEBUG=1",
					"$(inherited)",
				);
				GCC_SYMBOLS_PRIVATE_EXTERN = NO;
				GCC_WARN_ABOUT_MISSING_PROTOTYPES = YES;
				GCC_WARN_ABOUT_RETURN_TYPE = YES;
				GCC_WARN_UNUSED_VARIABLE = YES;
				HEADER_SEARCH_PATHS = "$(MonkeyDevTheosPath)/vendor/include/**";
				IPHONEOS_DEPLOYMENT_TARGET = 8.0;
				LIBRARY_SEARCH_PATHS = "$(MonkeyDevTheosPath)/vendor/lib/**";
				MonkeyDevPath = /opt/MonkeyDev;
				MonkeyDevTheosPath = /opt/theos;
				ONLY_ACTIVE_ARCH = YES;
				OTHER_CFLAGS = "-DTHEOS_INSTANCE_NAME=\"\\\"YTShortsDownloader\\\"\"";
				SDKROOT = iphoneos;
				TARGETED_DEVICE_FAMILY = "1,2";
				VALIDATE_PRODUCT = NO;
			};
			name = Debug;
		};
		501D0AA92645C7EC00157631 /* Release */ = {
			isa = XCBuildConfiguration;
			buildSettings = {
				CLANG_CXX_LANGUAGE_STANDARD = "gnu++0x";
				CLANG_ENABLE_OBJC_ARC = YES;
				CODE_SIGN_IDENTITY = "iPhone Developer";
				CODE_SIGN_STYLE = Automatic;
				DEVELOPMENT_TEAM = 8JMV3RHX32;
				DYLIB_COMPATIBILITY_VERSION = 1;
				DYLIB_CURRENT_VERSION = 1;
				GCC_PRECOMPILE_PREFIX_HEADER = YES;
				GCC_PREFIX_HEADER = "YTShortsDownloader/YTShortsDownloader-Prefix.pch";
				INSTALL_PATH = /Library/MobileSubstrate/DynamicLibraries;
				IPHONEOS_DEPLOYMENT_TARGET = 13.0;
				MonkeyDevBuildPackageOnAnyBuild = NO;
				MonkeyDevClearUiCacheOnInstall = NO;
				MonkeyDevCopyOnBuild = NO;
				MonkeyDevDeviceIP = 192.168.137.195;
				MonkeyDevDevicePassword = alpine;
				MonkeyDevDevicePort = 22;
				MonkeyDevInstallOnAnyBuild = YES;
				MonkeyDevInstallOnProfiling = YES;
				MonkeyDevkillProcessOnInstall = YouTube;
				PRODUCT_NAME = "$(TARGET_NAME)";
				SUPPORTS_MACCATALYST = NO;
				TARGETED_DEVICE_FAMILY = "1,2";
			};
			name = Release;
		};
		501D0AAA2645C7EC00157631 /* Debug */ = {
			isa = XCBuildConfiguration;
			buildSettings = {
				CLANG_CXX_LANGUAGE_STANDARD = "gnu++0x";
				CLANG_ENABLE_OBJC_ARC = YES;
				CODE_SIGN_IDENTITY = "iPhone Developer";
				CODE_SIGN_STYLE = Automatic;
				DEVELOPMENT_TEAM = 8JMV3RHX32;
				DYLIB_COMPATIBILITY_VERSION = 1;
				DYLIB_CURRENT_VERSION = 1;
				GCC_PRECOMPILE_PREFIX_HEADER = YES;
				GCC_PREFIX_HEADER = "YTShortsDownloader/YTShortsDownloader-Prefix.pch";
				INSTALL_PATH = /Library/MobileSubstrate/DynamicLibraries;
				IPHONEOS_DEPLOYMENT_TARGET = 13.0;
				MonkeyDevBuildPackageOnAnyBuild = NO;
				MonkeyDevClearUiCacheOnInstall = NO;
				MonkeyDevCopyOnBuild = NO;
				MonkeyDevDeviceIP = 192.168.137.195;
				MonkeyDevDevicePassword = alpine;
				MonkeyDevDevicePort = 22;
				MonkeyDevInstallOnAnyBuild = YES;
				MonkeyDevInstallOnProfiling = YES;
				MonkeyDevkillProcessOnInstall = YouTube;
				PRODUCT_NAME = "$(TARGET_NAME)";
				SUPPORTS_MACCATALYST = NO;
				TARGETED_DEVICE_FAMILY = "1,2";
			};
			name = Debug;
		};
/* End XCBuildConfiguration section */

/* Begin XCConfigurationList section */
		501D0A892645C7EC00157631 /* Build configuration list for PBXProject "YTShortsDownloader" */ = {
			isa = XCConfigurationList;
			buildConfigurations = (
				501D0AA62645C7EC00157631 /* Release */,
				501D0AA72645C7EC00157631 /* Debug */,
			);
			defaultConfigurationIsVisible = 0;
			defaultConfigurationName = Release;
		};
		501D0AA82645C7EC00157631 /* Build configuration list for PBXNativeTarget "YTShortsDownloader" */ = {
			isa = XCConfigurationList;
			buildConfigurations = (
				501D0AA92645C7EC00157631 /* Release */,
				501D0AAA2645C7EC00157631 /* Debug */,
			);
			defaultConfigurationIsVisible = 0;
			defaultConfigurationName = Release;
		};
/* End XCConfigurationList section */
	};
	rootObject = 501D0A862645C7EC00157631 /* Project object */;
}
